Microsoft Visual Studio Solution File, Format Version 12.00
# Visual Studio Version 17
VisualStudioVersion = 17.5.2.0
MinimumVisualStudioVersion = 10.0.40219.1
Project("{2150E333-8FDC-42A3-9474-1A3956D46DE8}") = "API", "API", "{D82C56D6-B2CD-F611-9E31-04638F7EC30E}"
EndProject
Project("{FAE04EC0-301F-11D3-BF4B-00C04F79EFBC}") = "TWTodos", "API\TWTodos\TWTodos.csproj", "{96FD82F0-2D7F-11CF-5639-04528682116B}"
EndProject
Global
	GlobalSection(SolutionConfigurationPlatforms) = preSolution
		Debug|Any CPU = Debug|Any CPU
		Release|Any CPU = Release|Any CPU
	EndGlobalSection
	GlobalSection(ProjectConfigurationPlatforms) = postSolution
		{96FD82F0-2D7F-11CF-5639-04528682116B}.Debug|Any CPU.ActiveCfg = Debug|Any CPU
		{96FD82F0-2D7F-11CF-5639-04528682116B}.Debug|Any CPU.Build.0 = Debug|Any CPU
		{96FD82F0-2D7F-11CF-5639-04528682116B}.Release|Any CPU.ActiveCfg = Release|Any CPU
		{96FD82F0-2D7F-11CF-5639-04528682116B}.Release|Any CPU.Build.0 = Release|Any CPU
	EndGlobalSection
	GlobalSection(SolutionProperties) = preSolution
		HideSolutionNode = FALSE
	EndGlobalSection
	GlobalSection(NestedProjects) = preSolution
		{96FD82F0-2D7F-11CF-5639-04528682116B} = {D82C56D6-B2CD-F611-9E31-04638F7EC30E}
	EndGlobalSection
	GlobalSection(ExtensibilityGlobals) = postSolution
		SolutionGuid = {3BEE160B-D5C7-4F78-8739-1558558313E8}
	EndGlobalSection
EndGlobal
